
Microsoft Visual Studio Solution File, Format Version 12.00
# Visual Studio Version 17
VisualStudioVersion = 17.7.34031.279
MinimumVisualStudioVersion = 10.0.40219.1
Project("{9A19103F-16F7-4668-BE54-9A1E7A4F7556}") = "TaskMediaExpert.Api", "TaskMediaExpert.Api\TaskMediaExpert.Api.csproj", "{964568A7-5C2B-4019-8E6F-0887E0ECC34E}"
EndProject
Project("{9A19103F-16F7-4668-BE54-9A1E7A4F7556}") = "TaskMediaExpert.Domain", "TaskMediaExpert.Domain\TaskMediaExpert.Domain.csproj", "{8AC25F6D-5254-4DF6-AFF5-EE0BE5CE1FEB}"
EndProject
Project("{9A19103F-16F7-4668-BE54-9A1E7A4F7556}") = "TaskMediaExpert.Application", "TaskMediaExpert.Application\TaskMediaExpert.Application.csproj", "{A2F0CD6D-B92F-4BB9-A019-303F0DD49DC8}"
EndProject
Project("{9A19103F-16F7-4668-BE54-9A1E7A4F7556}") = "TaskMediaExpert.Infrastructure", "TaskMediaExpert.Infrastructure\TaskMediaExpert.Infrastructure.csproj", "{A18DCCE6-6275-482B-88E0-B61707D911E8}"
EndProject
Global
	GlobalSection(SolutionConfigurationPlatforms) = preSolution
		Debug|Any CPU = Debug|Any CPU
		Release|Any CPU = Release|Any CPU
	EndGlobalSection
	GlobalSection(ProjectConfigurationPlatforms) = postSolution
		{964568A7-5C2B-4019-8E6F-0887E0ECC34E}.Debug|Any CPU.ActiveCfg = Debug|Any CPU
		{964568A7-5C2B-4019-8E6F-0887E0ECC34E}.Debug|Any CPU.Build.0 = Debug|Any CPU
		{964568A7-5C2B-4019-8E6F-0887E0ECC34E}.Release|Any CPU.ActiveCfg = Release|Any CPU
		{964568A7-5C2B-4019-8E6F-0887E0ECC34E}.Release|Any CPU.Build.0 = Release|Any CPU
		{8AC25F6D-5254-4DF6-AFF5-EE0BE5CE1FEB}.Debug|Any CPU.ActiveCfg = Debug|Any CPU
		{8AC25F6D-5254-4DF6-AFF5-EE0BE5CE1FEB}.Debug|Any CPU.Build.0 = Debug|Any CPU
		{8AC25F6D-5254-4DF6-AFF5-EE0BE5CE1FEB}.Release|Any CPU.ActiveCfg = Release|Any CPU
		{8AC25F6D-5254-4DF6-AFF5-EE0BE5CE1FEB}.Release|Any CPU.Build.0 = Release|Any CPU
		{A2F0CD6D-B92F-4BB9-A019-303F0DD49DC8}.Debug|Any CPU.ActiveCfg = Debug|Any CPU
		{A2F0CD6D-B92F-4BB9-A019-303F0DD49DC8}.Debug|Any CPU.Build.0 = Debug|Any CPU
		{A2F0CD6D-B92F-4BB9-A019-303F0DD49DC8}.Release|Any CPU.ActiveCfg = Release|Any CPU
		{A2F0CD6D-B92F-4BB9-A019-303F0DD49DC8}.Release|Any CPU.Build.0 = Release|Any CPU
		{A18DCCE6-6275-482B-88E0-B61707D911E8}.Debug|Any CPU.ActiveCfg = Debug|Any CPU
		{A18DCCE6-6275-482B-88E0-B61707D911E8}.Debug|Any CPU.Build.0 = Debug|Any CPU
		{A18DCCE6-6275-482B-88E0-B61707D911E8}.Release|Any CPU.ActiveCfg = Release|Any CPU
		{A18DCCE6-6275-482B-88E0-B61707D911E8}.Release|Any CPU.Build.0 = Release|Any CPU
	EndGlobalSection
	GlobalSection(SolutionProperties) = preSolution
		HideSolutionNode = FALSE
	EndGlobalSection
	GlobalSection(ExtensibilityGlobals) = postSolution
		SolutionGuid = {452E9C2F-9631-4111-B3D5-1E9582B87FE7}
	EndGlobalSection
EndGlobal
