
Microsoft Visual Studio Solution File, Format Version 12.00
# Visual Studio Version 17
VisualStudioVersion = 17.7.34031.279
MinimumVisualStudioVersion = 10.0.40219.1
Project("{FAE04EC0-301F-11D3-BF4B-00C04F79EFBC}") = "TaskMediaExpert.Api", "TaskMediaExpert.Api\TaskMediaExpert.Api.csproj", "{964568A7-5C2B-4019-8E6F-0887E0ECC34E}"
EndProject
Project("{FAE04EC0-301F-11D3-BF4B-00C04F79EFBC}") = "TaskMediaExpert.Persistence", "TaskMediaExpert.Persistence\TaskMediaExpert.Persistence.csproj", "{D006E401-AF48-4620-B52E-20EF70B0668B}"
EndProject
Project("{FAE04EC0-301F-11D3-BF4B-00C04F79EFBC}") = "TaskMediaExpert.Domain", "TaskMediaExpert.Domain\TaskMediaExpert.Domain.csproj", "{8AC25F6D-5254-4DF6-AFF5-EE0BE5CE1FEB}"
EndProject
Global
	GlobalSection(SolutionConfigurationPlatforms) = preSolution
		Debug|Any CPU = Debug|Any CPU
		Release|Any CPU = Release|Any CPU
	EndGlobalSection
	GlobalSection(ProjectConfigurationPlatforms) = postSolution
		{964568A7-5C2B-4019-8E6F-0887E0ECC34E}.Debug|Any CPU.ActiveCfg = Debug|Any CPU
		{964568A7-5C2B-4019-8E6F-0887E0ECC34E}.Debug|Any CPU.Build.0 = Debug|Any CPU
		{964568A7-5C2B-4019-8E6F-0887E0ECC34E}.Release|Any CPU.ActiveCfg = Release|Any CPU
		{964568A7-5C2B-4019-8E6F-0887E0ECC34E}.Release|Any CPU.Build.0 = Release|Any CPU
		{D006E401-AF48-4620-B52E-20EF70B0668B}.Debug|Any CPU.ActiveCfg = Debug|Any CPU
		{D006E401-AF48-4620-B52E-20EF70B0668B}.Debug|Any CPU.Build.0 = Debug|Any CPU
		{D006E401-AF48-4620-B52E-20EF70B0668B}.Release|Any CPU.ActiveCfg = Release|Any CPU
		{D006E401-AF48-4620-B52E-20EF70B0668B}.Release|Any CPU.Build.0 = Release|Any CPU
		{8AC25F6D-5254-4DF6-AFF5-EE0BE5CE1FEB}.Debug|Any CPU.ActiveCfg = Debug|Any CPU
		{8AC25F6D-5254-4DF6-AFF5-EE0BE5CE1FEB}.Debug|Any CPU.Build.0 = Debug|Any CPU
		{8AC25F6D-5254-4DF6-AFF5-EE0BE5CE1FEB}.Release|Any CPU.ActiveCfg = Release|Any CPU
		{8AC25F6D-5254-4DF6-AFF5-EE0BE5CE1FEB}.Release|Any CPU.Build.0 = Release|Any CPU
	EndGlobalSection
	GlobalSection(SolutionProperties) = preSolution
		HideSolutionNode = FALSE
	EndGlobalSection
	GlobalSection(ExtensibilityGlobals) = postSolution
		SolutionGuid = {452E9C2F-9631-4111-B3D5-1E9582B87FE7}
	EndGlobalSection
EndGlobal
